
Microsoft Visual Studio Solution File, Format Version 12.00
# Visual Studio Version 16
VisualStudioVersion = 16.0.31129.286
MinimumVisualStudioVersion = 10.0.40219.1
Project("{9A19103F-16F7-4668-BE54-9A1E7A4F7556}") = "SingleLinkedList", "SingleLinkedList\SingleLinkedList.csproj", "{EB6A016A-4878-4B67-AFF7-7AC486C794F2}"
EndProject
Project("{FAE04EC0-301F-11D3-BF4B-00C04F79EFBC}") = "Sorting", "Sorting\Sorting.csproj", "{74DBA4DF-3DEC-4F85-981C-6EC981E52A0A}"
EndProject
Global
	GlobalSection(SolutionConfigurationPlatforms) = preSolution
		Debug|Any CPU = Debug|Any CPU
		Release|Any CPU = Release|Any CPU
	EndGlobalSection
	GlobalSection(ProjectConfigurationPlatforms) = postSolution
		{EB6A016A-4878-4B67-AFF7-7AC486C794F2}.Debug|Any CPU.ActiveCfg = Debug|Any CPU
		{EB6A016A-4878-4B67-AFF7-7AC486C794F2}.Debug|Any CPU.Build.0 = Debug|Any CPU
		{EB6A016A-4878-4B67-AFF7-7AC486C794F2}.Release|Any CPU.ActiveCfg = Release|Any CPU
		{EB6A016A-4878-4B67-AFF7-7AC486C794F2}.Release|Any CPU.Build.0 = Release|Any CPU
		{74DBA4DF-3DEC-4F85-981C-6EC981E52A0A}.Debug|Any CPU.ActiveCfg = Debug|Any CPU
		{74DBA4DF-3DEC-4F85-981C-6EC981E52A0A}.Debug|Any CPU.Build.0 = Debug|Any CPU
		{74DBA4DF-3DEC-4F85-981C-6EC981E52A0A}.Release|Any CPU.ActiveCfg = Release|Any CPU
		{74DBA4DF-3DEC-4F85-981C-6EC981E52A0A}.Release|Any CPU.Build.0 = Release|Any CPU
	EndGlobalSection
	GlobalSection(SolutionProperties) = preSolution
		HideSolutionNode = FALSE
	EndGlobalSection
	GlobalSection(ExtensibilityGlobals) = postSolution
		SolutionGuid = {85BC571F-0745-40FD-8457-CDD8211CE975}
	EndGlobalSection
EndGlobal
